<Solution>
  <Folder Name="/src/">
    <Project Path="src/Productivity.Application/Productivity.Application.csproj" />
    <Project Path="src/Productivity.Domain/Productivity.Domain.csproj" />
    <Project Path="src/Productivity.Infrastructure/Productivity.Infrastructure.csproj" />
    <Project Path="src/Productivity.Worker/Productivity.Worker.csproj" />
  </Folder>
</Solution>
